// !$*UTF8*$!
{
	archiveVersion = 1;
	classes = {
	};
	objectVersion = 46;
	objects = {

/* Begin PBXBuildFile section */
		0A68E87A9A97848B558B5F9A /* libPods.a in Frameworks */ = {isa = PBXBuildFile; fileRef = 820D48F6D2C31109856C792F /* libPods.a */; };
		273AEB491CA5BE84007E2F2C /* main.m in Sources */ = {isa = PBXBuildFile; fileRef = 273AEB481CA5BE84007E2F2C /* main.m */; };
		273AEB4C1CA5BE84007E2F2C /* AppDelegate.m in Sources */ = {isa = PBXBuildFile; fileRef = 273AEB4B1CA5BE84007E2F2C /* AppDelegate.m */; };
		273AEB541CA5BE84007E2F2C /* Assets.xcassets in Resources */ = {isa = PBXBuildFile; fileRef = 273AEB531CA5BE84007E2F2C /* Assets.xcassets */; };
		3323F0DD9AC3500E6A070A3C /* MGACountryListTableViewAdapterTest.m in Sources */ = {isa = PBXBuildFile; fileRef = 3323F74AD53F27596BBFB042 /* MGACountryListTableViewAdapterTest.m */; };
		3323F2BBC3312015424E1F8F /* MGASingleSectionEventDataSourceTest.m in Sources */ = {isa = PBXBuildFile; fileRef = 3323F704C2A39153A2331BA4 /* MGASingleSectionEventDataSourceTest.m */; };
		3323F51265BB1F43140C7688 /* MGAInMemoryStoreGatewayTest.m in Sources */ = {isa = PBXBuildFile; fileRef = 3323FB910694F2D3645A9BB0 /* MGAInMemoryStoreGatewayTest.m */; };
		3323F5867652E245D9DF2B02 /* MGACommandExecutionTableViewReloadBinder.m in Sources */ = {isa = PBXBuildFile; fileRef = 3323FF2375C5D1EE9643AF86 /* MGACommandExecutionTableViewReloadBinder.m */; };
		3323F5A338754E053028FCA9 /* MGAInMemoryStoreGateway.m in Sources */ = {isa = PBXBuildFile; fileRef = 3323F693515C0AA6579BA40F /* MGAInMemoryStoreGateway.m */; };
		3323F8A68F66F4F3A692C564 /* MGAFetchCountryListAPIService.m in Sources */ = {isa = PBXBuildFile; fileRef = 3323F4520B07D6B8A040D693 /* MGAFetchCountryListAPIService.m */; };
		3323F90DEBFCD2B3F658AE3B /* MGACountryListTableViewAdapter.m in Sources */ = {isa = PBXBuildFile; fileRef = 3323F6FE0F4298C856EB7A0A /* MGACountryListTableViewAdapter.m */; };
		3323F96BFBB399E06C330E9F /* MGAFlattenCountryTest.m in Sources */ = {isa = PBXBuildFile; fileRef = 3323FC44195859DDDD981BBD /* MGAFlattenCountryTest.m */; };
		3323FA052E806C5AA13DE729 /* MGAListResourceMapper.m in Sources */ = {isa = PBXBuildFile; fileRef = 3323F6AD007D169BC23D7319 /* MGAListResourceMapper.m */; };
		3323FA1F3A18469A5F185948 /* MGADataToJSONConverter.m in Sources */ = {isa = PBXBuildFile; fileRef = 3323F87EADBC8AF7946C320E /* MGADataToJSONConverter.m */; };
		3323FA3165B8E1E217E4C10A /* MGAListResourceMapperTest.m in Sources */ = {isa = PBXBuildFile; fileRef = 3323FB62CC2DD9F5B61290E8 /* MGAListResourceMapperTest.m */; };
		3323FAE94C00CE29C69072B0 /* MGAFlattenCountry.m in Sources */ = {isa = PBXBuildFile; fileRef = 3323FB1F9AD18A3D81E08901 /* MGAFlattenCountry.m */; };
		3323FB6F2230F334D9801BF1 /* MGAInMemoryStoreTest.m in Sources */ = {isa = PBXBuildFile; fileRef = 3323FE9F920A20F50422E90D /* MGAInMemoryStoreTest.m */; };
		3323FC0449B2F28B500A6966 /* MGADataToJSONConverterTest.m in Sources */ = {isa = PBXBuildFile; fileRef = 3323F1457C580DDEB4996384 /* MGADataToJSONConverterTest.m */; };
		3323FC4B730336F5A066F483 /* MGAInMemoryStore.m in Sources */ = {isa = PBXBuildFile; fileRef = 3323F902F3755962B0AEBE75 /* MGAInMemoryStore.m */; };
		3323FC9241C8476E6609BCDC /* MGATableViewControllerTest.m in Sources */ = {isa = PBXBuildFile; fileRef = 3323F52CED702937A508F088 /* MGATableViewControllerTest.m */; };
		3323FCDADA44A867B90280F0 /* MGACountryMapperTest.m in Sources */ = {isa = PBXBuildFile; fileRef = 3323FD05A413691240D41B9C /* MGACountryMapperTest.m */; };
		3323FD82E41423A1CCBB2884 /* MGASingleSectionEventDataSource.m in Sources */ = {isa = PBXBuildFile; fileRef = 3323F371FAA6BDB607D92B03 /* MGASingleSectionEventDataSource.m */; };
		3323FDC3E3A87F1C4BB73360 /* MGACountryMapper.m in Sources */ = {isa = PBXBuildFile; fileRef = 3323F92A7AFDCDBCFC2CB633 /* MGACountryMapper.m */; };
		3323FEAAB6476ED704EA23DC /* MGACommandExecutionTableViewReloadBinderTest.m in Sources */ = {isa = PBXBuildFile; fileRef = 3323F3A21ACADA1FBF918CB6 /* MGACommandExecutionTableViewReloadBinderTest.m */; };
		3323FED795C1B1E0DD87B26B /* MGATableViewController.m in Sources */ = {isa = PBXBuildFile; fileRef = 3323F1DC0C56B9861C4FDABE /* MGATableViewController.m */; };
		3323FFB8483E9F5E126BEEE5 /* MGAFetchCountryListAPIServiceTest.m in Sources */ = {isa = PBXBuildFile; fileRef = 3323FBE931CC6E879D03D4A6 /* MGAFetchCountryListAPIServiceTest.m */; };
		7F5416D1910B91F0C385B36F /* libPods-CountriesTests.a in Frameworks */ = {isa = PBXBuildFile; fileRef = D709A047C693562610112190 /* libPods-CountriesTests.a */; };
/* End PBXBuildFile section */

/* Begin PBXContainerItemProxy section */
		273AEB5E1CA5BE84007E2F2C /* PBXContainerItemProxy */ = {
			isa = PBXContainerItemProxy;
			containerPortal = 273AEB3C1CA5BE84007E2F2C /* Project object */;
			proxyType = 1;
			remoteGlobalIDString = 273AEB431CA5BE84007E2F2C;
			remoteInfo = Countries;
		};
/* End PBXContainerItemProxy section */

/* Begin PBXFileReference section */
		273AEB441CA5BE84007E2F2C /* Countries.app */ = {isa = PBXFileReference; explicitFileType = wrapper.application; includeInIndex = 0; path = Countries.app; sourceTree = BUILT_PRODUCTS_DIR; };
		273AEB481CA5BE84007E2F2C /* main.m */ = {isa = PBXFileReference; lastKnownFileType = sourcecode.c.objc; path = main.m; sourceTree = "<group>"; };
		273AEB4A1CA5BE84007E2F2C /* AppDelegate.h */ = {isa = PBXFileReference; lastKnownFileType = sourcecode.c.h; path = AppDelegate.h; sourceTree = "<group>"; };
		273AEB4B1CA5BE84007E2F2C /* AppDelegate.m */ = {isa = PBXFileReference; lastKnownFileType = sourcecode.c.objc; path = AppDelegate.m; sourceTree = "<group>"; };
		273AEB531CA5BE84007E2F2C /* Assets.xcassets */ = {isa = PBXFileReference; lastKnownFileType = folder.assetcatalog; path = Assets.xcassets; sourceTree = "<group>"; };
		273AEB581CA5BE84007E2F2C /* Info.plist */ = {isa = PBXFileReference; lastKnownFileType = text.plist.xml; path = Info.plist; sourceTree = "<group>"; };
		273AEB5D1CA5BE84007E2F2C /* CountriesTests.xctest */ = {isa = PBXFileReference; explicitFileType = wrapper.cfbundle; includeInIndex = 0; path = CountriesTests.xctest; sourceTree = BUILT_PRODUCTS_DIR; };
		273AEB631CA5BE84007E2F2C /* Info.plist */ = {isa = PBXFileReference; lastKnownFileType = text.plist.xml; path = Info.plist; sourceTree = "<group>"; };
		3323F0D0529A226E98470596 /* MGAInMemoryStore.h */ = {isa = PBXFileReference; fileEncoding = 4; lastKnownFileType = sourcecode.c.h; path = MGAInMemoryStore.h; sourceTree = "<group>"; };
		3323F1457C580DDEB4996384 /* MGADataToJSONConverterTest.m */ = {isa = PBXFileReference; fileEncoding = 4; lastKnownFileType = sourcecode.c.objc; path = MGADataToJSONConverterTest.m; sourceTree = "<group>"; };
		3323F1DC0C56B9861C4FDABE /* MGATableViewController.m */ = {isa = PBXFileReference; fileEncoding = 4; lastKnownFileType = sourcecode.c.objc; path = MGATableViewController.m; sourceTree = "<group>"; };
		3323F233C2D38724DD2040F1 /* MGAFetchCountryListAPIService.h */ = {isa = PBXFileReference; fileEncoding = 4; lastKnownFileType = sourcecode.c.h; path = MGAFetchCountryListAPIService.h; sourceTree = "<group>"; };
		3323F2964B349BB612862EA1 /* MGADataToJSONConverter.h */ = {isa = PBXFileReference; fileEncoding = 4; lastKnownFileType = sourcecode.c.h; path = MGADataToJSONConverter.h; sourceTree = "<group>"; };
		3323F2FD603AB45F9F623E56 /* MGACountryListTableViewAdapter.h */ = {isa = PBXFileReference; fileEncoding = 4; lastKnownFileType = sourcecode.c.h; path = MGACountryListTableViewAdapter.h; sourceTree = "<group>"; };
		3323F371FAA6BDB607D92B03 /* MGASingleSectionEventDataSource.m */ = {isa = PBXFileReference; fileEncoding = 4; lastKnownFileType = sourcecode.c.objc; path = MGASingleSectionEventDataSource.m; sourceTree = "<group>"; };
		3323F3A21ACADA1FBF918CB6 /* MGACommandExecutionTableViewReloadBinderTest.m */ = {isa = PBXFileReference; fileEncoding = 4; lastKnownFileType = sourcecode.c.objc; path = MGACommandExecutionTableViewReloadBinderTest.m; sourceTree = "<group>"; };
		3323F3CD2A2B29A0DE7BD134 /* MGAResourceMapper.h */ = {isa = PBXFileReference; fileEncoding = 4; lastKnownFileType = sourcecode.c.h; path = MGAResourceMapper.h; sourceTree = "<group>"; };
		3323F425D2F4F6BC474E7EF4 /* MGAStore.h */ = {isa = PBXFileReference; fileEncoding = 4; lastKnownFileType = sourcecode.c.h; path = MGAStore.h; sourceTree = "<group>"; };
		3323F4520B07D6B8A040D693 /* MGAFetchCountryListAPIService.m */ = {isa = PBXFileReference; fileEncoding = 4; lastKnownFileType = sourcecode.c.objc; path = MGAFetchCountryListAPIService.m; sourceTree = "<group>"; };
		3323F52CED702937A508F088 /* MGATableViewControllerTest.m */ = {isa = PBXFileReference; fileEncoding = 4; lastKnownFileType = sourcecode.c.objc; path = MGATableViewControllerTest.m; sourceTree = "<group>"; };
		3323F54D1B9F43F66312D7C3 /* MGASingleSectionEventDataSource.h */ = {isa = PBXFileReference; fileEncoding = 4; lastKnownFileType = sourcecode.c.h; path = MGASingleSectionEventDataSource.h; sourceTree = "<group>"; };
		3323F5F325BFD07FB1681648 /* MGACountryGateway.h */ = {isa = PBXFileReference; fileEncoding = 4; lastKnownFileType = sourcecode.c.h; path = MGACountryGateway.h; sourceTree = "<group>"; };
		3323F693515C0AA6579BA40F /* MGAInMemoryStoreGateway.m */ = {isa = PBXFileReference; fileEncoding = 4; lastKnownFileType = sourcecode.c.objc; path = MGAInMemoryStoreGateway.m; sourceTree = "<group>"; };
		3323F6AD007D169BC23D7319 /* MGAListResourceMapper.m */ = {isa = PBXFileReference; fileEncoding = 4; lastKnownFileType = sourcecode.c.objc; path = MGAListResourceMapper.m; sourceTree = "<group>"; };
		3323F6FE0F4298C856EB7A0A /* MGACountryListTableViewAdapter.m */ = {isa = PBXFileReference; fileEncoding = 4; lastKnownFileType = sourcecode.c.objc; path = MGACountryListTableViewAdapter.m; sourceTree = "<group>"; };
		3323F704C2A39153A2331BA4 /* MGASingleSectionEventDataSourceTest.m */ = {isa = PBXFileReference; fileEncoding = 4; lastKnownFileType = sourcecode.c.objc; path = MGASingleSectionEventDataSourceTest.m; sourceTree = "<group>"; };
		3323F74AD53F27596BBFB042 /* MGACountryListTableViewAdapterTest.m */ = {isa = PBXFileReference; fileEncoding = 4; lastKnownFileType = sourcecode.c.objc; path = MGACountryListTableViewAdapterTest.m; sourceTree = "<group>"; };
		3323F752901A38C6BA5422CD /* MGACountry.h */ = {isa = PBXFileReference; fileEncoding = 4; lastKnownFileType = sourcecode.c.h; path = MGACountry.h; sourceTree = "<group>"; };
		3323F76E0614F50ECA71130D /* MGACountryMapper.h */ = {isa = PBXFileReference; fileEncoding = 4; lastKnownFileType = sourcecode.c.h; path = MGACountryMapper.h; sourceTree = "<group>"; };
		3323F7ADFF9AE9003823006C /* MGACountrySelectionDelegate.h */ = {isa = PBXFileReference; fileEncoding = 4; lastKnownFileType = sourcecode.c.h; path = MGACountrySelectionDelegate.h; sourceTree = "<group>"; };
		3323F86B90BA0AC0E52714A1 /* MGAInMemoryStoreGateway.h */ = {isa = PBXFileReference; fileEncoding = 4; lastKnownFileType = sourcecode.c.h; path = MGAInMemoryStoreGateway.h; sourceTree = "<group>"; };
		3323F87EADBC8AF7946C320E /* MGADataToJSONConverter.m */ = {isa = PBXFileReference; fileEncoding = 4; lastKnownFileType = sourcecode.c.objc; path = MGADataToJSONConverter.m; sourceTree = "<group>"; };
		3323F902F3755962B0AEBE75 /* MGAInMemoryStore.m */ = {isa = PBXFileReference; fileEncoding = 4; lastKnownFileType = sourcecode.c.objc; path = MGAInMemoryStore.m; sourceTree = "<group>"; };
		3323F927416C699D250C6AF9 /* MGACommandExecutionTableViewReloadBinder.h */ = {isa = PBXFileReference; fileEncoding = 4; lastKnownFileType = sourcecode.c.h; path = MGACommandExecutionTableViewReloadBinder.h; sourceTree = "<group>"; };
		3323F92A7AFDCDBCFC2CB633 /* MGACountryMapper.m */ = {isa = PBXFileReference; fileEncoding = 4; lastKnownFileType = sourcecode.c.objc; path = MGACountryMapper.m; sourceTree = "<group>"; };
		3323F9D40A5E620D17AD103F /* MGATableViewController.h */ = {isa = PBXFileReference; fileEncoding = 4; lastKnownFileType = sourcecode.c.h; path = MGATableViewController.h; sourceTree = "<group>"; };
		3323FB1510D874113A1D9A10 /* MGADataSourceEvents.h */ = {isa = PBXFileReference; fileEncoding = 4; lastKnownFileType = sourcecode.c.h; path = MGADataSourceEvents.h; sourceTree = "<group>"; };
		3323FB1F9AD18A3D81E08901 /* MGAFlattenCountry.m */ = {isa = PBXFileReference; fileEncoding = 4; lastKnownFileType = sourcecode.c.objc; path = MGAFlattenCountry.m; sourceTree = "<group>"; };
		3323FB62CC2DD9F5B61290E8 /* MGAListResourceMapperTest.m */ = {isa = PBXFileReference; fileEncoding = 4; lastKnownFileType = sourcecode.c.objc; path = MGAListResourceMapperTest.m; sourceTree = "<group>"; };
		3323FB910694F2D3645A9BB0 /* MGAInMemoryStoreGatewayTest.m */ = {isa = PBXFileReference; fileEncoding = 4; lastKnownFileType = sourcecode.c.objc; path = MGAInMemoryStoreGatewayTest.m; sourceTree = "<group>"; };
		3323FBA2A20F9E26532E199B /* MGAFlattenCountry.h */ = {isa = PBXFileReference; fileEncoding = 4; lastKnownFileType = sourcecode.c.h; path = MGAFlattenCountry.h; sourceTree = "<group>"; };
		3323FBE931CC6E879D03D4A6 /* MGAFetchCountryListAPIServiceTest.m */ = {isa = PBXFileReference; fileEncoding = 4; lastKnownFileType = sourcecode.c.objc; path = MGAFetchCountryListAPIServiceTest.m; sourceTree = "<group>"; };
		3323FC2200B1EAFADAA72D87 /* MGAConverter.h */ = {isa = PBXFileReference; fileEncoding = 4; lastKnownFileType = sourcecode.c.h; path = MGAConverter.h; sourceTree = "<group>"; };
		3323FC44195859DDDD981BBD /* MGAFlattenCountryTest.m */ = {isa = PBXFileReference; fileEncoding = 4; lastKnownFileType = sourcecode.c.objc; path = MGAFlattenCountryTest.m; sourceTree = "<group>"; };
		3323FC6F06DDD521880C6821 /* MGAFetchCountryListService.h */ = {isa = PBXFileReference; fileEncoding = 4; lastKnownFileType = sourcecode.c.h; path = MGAFetchCountryListService.h; sourceTree = "<group>"; };
		3323FD05A413691240D41B9C /* MGACountryMapperTest.m */ = {isa = PBXFileReference; fileEncoding = 4; lastKnownFileType = sourcecode.c.objc; path = MGACountryMapperTest.m; sourceTree = "<group>"; };
		3323FD2B1D40E9A908458246 /* MGADataSource.h */ = {isa = PBXFileReference; fileEncoding = 4; lastKnownFileType = sourcecode.c.h; path = MGADataSource.h; sourceTree = "<group>"; };
		3323FD43B9A39DCB642D58CC /* MGABinder.h */ = {isa = PBXFileReference; fileEncoding = 4; lastKnownFileType = sourcecode.c.h; path = MGABinder.h; sourceTree = "<group>"; };
		3323FE9F920A20F50422E90D /* MGAInMemoryStoreTest.m */ = {isa = PBXFileReference; fileEncoding = 4; lastKnownFileType = sourcecode.c.objc; path = MGAInMemoryStoreTest.m; sourceTree = "<group>"; };
		3323FF2375C5D1EE9643AF86 /* MGACommandExecutionTableViewReloadBinder.m */ = {isa = PBXFileReference; fileEncoding = 4; lastKnownFileType = sourcecode.c.objc; path = MGACommandExecutionTableViewReloadBinder.m; sourceTree = "<group>"; };
		3323FF239B822C23D4DA75B8 /* MGAListResourceMapper.h */ = {isa = PBXFileReference; fileEncoding = 4; lastKnownFileType = sourcecode.c.h; path = MGAListResourceMapper.h; sourceTree = "<group>"; };
		3B2CF78F0DF637158AC4E924 /* Pods.release.xcconfig */ = {isa = PBXFileReference; includeInIndex = 1; lastKnownFileType = text.xcconfig; name = Pods.release.xcconfig; path = "Pods/Target Support Files/Pods/Pods.release.xcconfig"; sourceTree = "<group>"; };
		6694B01C76984FD797A99666 /* Pods-CountriesTests.debug.xcconfig */ = {isa = PBXFileReference; includeInIndex = 1; lastKnownFileType = text.xcconfig; name = "Pods-CountriesTests.debug.xcconfig"; path = "Pods/Target Support Files/Pods-CountriesTests/Pods-CountriesTests.debug.xcconfig"; sourceTree = "<group>"; };
		77B9FFB7F40AA2282C441AE9 /* Pods-CountriesTests.release.xcconfig */ = {isa = PBXFileReference; includeInIndex = 1; lastKnownFileType = text.xcconfig; name = "Pods-CountriesTests.release.xcconfig"; path = "Pods/Target Support Files/Pods-CountriesTests/Pods-CountriesTests.release.xcconfig"; sourceTree = "<group>"; };
		803D0650F8512135DAEF2969 /* Pods.debug.xcconfig */ = {isa = PBXFileReference; includeInIndex = 1; lastKnownFileType = text.xcconfig; name = Pods.debug.xcconfig; path = "Pods/Target Support Files/Pods/Pods.debug.xcconfig"; sourceTree = "<group>"; };
		820D48F6D2C31109856C792F /* libPods.a */ = {isa = PBXFileReference; explicitFileType = archive.ar; includeInIndex = 0; path = libPods.a; sourceTree = BUILT_PRODUCTS_DIR; };
		D709A047C693562610112190 /* libPods-CountriesTests.a */ = {isa = PBXFileReference; explicitFileType = archive.ar; includeInIndex = 0; path = "libPods-CountriesTests.a"; sourceTree = BUILT_PRODUCTS_DIR; };
/* End PBXFileReference section */

/* Begin PBXFrameworksBuildPhase section */
		273AEB411CA5BE84007E2F2C /* Frameworks */ = {
			isa = PBXFrameworksBuildPhase;
			buildActionMask = 2147483647;
			files = (
				0A68E87A9A97848B558B5F9A /* libPods.a in Frameworks */,
			);
			runOnlyForDeploymentPostprocessing = 0;
		};
		273AEB5A1CA5BE84007E2F2C /* Frameworks */ = {
			isa = PBXFrameworksBuildPhase;
			buildActionMask = 2147483647;
			files = (
				7F5416D1910B91F0C385B36F /* libPods-CountriesTests.a in Frameworks */,
			);
			runOnlyForDeploymentPostprocessing = 0;
		};
/* End PBXFrameworksBuildPhase section */

/* Begin PBXGroup section */
		08E5427A5E25510E34579CD8 /* Pods */ = {
			isa = PBXGroup;
			children = (
				803D0650F8512135DAEF2969 /* Pods.debug.xcconfig */,
				3B2CF78F0DF637158AC4E924 /* Pods.release.xcconfig */,
				6694B01C76984FD797A99666 /* Pods-CountriesTests.debug.xcconfig */,
				77B9FFB7F40AA2282C441AE9 /* Pods-CountriesTests.release.xcconfig */,
			);
			name = Pods;
			sourceTree = "<group>";
		};
		273AEB3B1CA5BE84007E2F2C = {
			isa = PBXGroup;
			children = (
				273AEB461CA5BE84007E2F2C /* Countries */,
				273AEB601CA5BE84007E2F2C /* CountriesTests */,
				273AEB451CA5BE84007E2F2C /* Products */,
				08E5427A5E25510E34579CD8 /* Pods */,
				ED83C2BC3C051686CE6D16E0 /* Frameworks */,
			);
			sourceTree = "<group>";
		};
		273AEB451CA5BE84007E2F2C /* Products */ = {
			isa = PBXGroup;
			children = (
				273AEB441CA5BE84007E2F2C /* Countries.app */,
				273AEB5D1CA5BE84007E2F2C /* CountriesTests.xctest */,
			);
			name = Products;
			sourceTree = "<group>";
		};
		273AEB461CA5BE84007E2F2C /* Countries */ = {
			isa = PBXGroup;
			children = (
				273AEB4A1CA5BE84007E2F2C /* AppDelegate.h */,
				273AEB4B1CA5BE84007E2F2C /* AppDelegate.m */,
				273AEB6C1CA5C001007E2F2C /* Assets */,
				273AEB471CA5BE84007E2F2C /* Supporting Files */,
				3323FDCBCBD49D31525831DE /* List Countries */,
				3323F8A86C7406B0A5CC025B /* Implementation */,
				3323F0605BF17E40D61D0A37 /* App */,
			);
			path = Countries;
			sourceTree = "<group>";
		};
		273AEB471CA5BE84007E2F2C /* Supporting Files */ = {
			isa = PBXGroup;
			children = (
				273AEB581CA5BE84007E2F2C /* Info.plist */,
				273AEB481CA5BE84007E2F2C /* main.m */,
			);
			name = "Supporting Files";
			sourceTree = "<group>";
		};
		273AEB601CA5BE84007E2F2C /* CountriesTests */ = {
			isa = PBXGroup;
			children = (
				273AEB631CA5BE84007E2F2C /* Info.plist */,
				3323F462DC1AF45B4643A5B4 /* Implementation */,
				3323F9BD358FD693177160F2 /* List Countries */,
			);
			path = CountriesTests;
			sourceTree = "<group>";
		};
		273AEB6C1CA5C001007E2F2C /* Assets */ = {
			isa = PBXGroup;
			children = (
				273AEB531CA5BE84007E2F2C /* Assets.xcassets */,
			);
			name = Assets;
			sourceTree = "<group>";
		};
		3323F0025DB7784ADF6445EE /* Store */ = {
			isa = PBXGroup;
			children = (
				3323FE9F920A20F50422E90D /* MGAInMemoryStoreTest.m */,
			);
			path = Store;
			sourceTree = "<group>";
		};
		3323F0397FEEB381BB185DED /* TableView */ = {
			isa = PBXGroup;
			children = (
				3323F1DC0C56B9861C4FDABE /* MGATableViewController.m */,
				3323F9D40A5E620D17AD103F /* MGATableViewController.h */,
				3323FD8314CBDF3AEA9D5D68 /* Binder */,
			);
			path = TableView;
			sourceTree = "<group>";
		};
		3323F0605BF17E40D61D0A37 /* App */ = {
			isa = PBXGroup;
			children = (
				3323FCE2B6AF649CF619BF2C /* Mapper */,
				3323F71D215933F2191A596D /* Converter */,
				3323FB58F1BF96F91F4901E9 /* Data Source */,
				3323FF90A35481CD1F12E76F /* Store */,
				3323FFB08D5FD7B41F8EFC25 /* Binder */,
			);
			path = App;
			sourceTree = "<group>";
		};
		3323F0C917ECA9893E798C67 /* Gateway */ = {
			isa = PBXGroup;
			children = (
				3323FB910694F2D3645A9BB0 /* MGAInMemoryStoreGatewayTest.m */,
			);
			path = Gateway;
			sourceTree = "<group>";
		};
		3323F0CECB46324A0ACA4297 /* Resource Mapper */ = {
			isa = PBXGroup;
			children = (
				3323F43C32D671C0E610BF82 /* Country */,
				3323F1590B88174738FF4B02 /* List */,
			);
			path = "Resource Mapper";
			sourceTree = "<group>";
		};
		3323F1590B88174738FF4B02 /* List */ = {
			isa = PBXGroup;
			children = (
				3323FF239B822C23D4DA75B8 /* MGAListResourceMapper.h */,
				3323F6AD007D169BC23D7319 /* MGAListResourceMapper.m */,
			);
			path = List;
			sourceTree = "<group>";
		};
		3323F1E2C400BE0E3C0C25A6 /* Service */ = {
			isa = PBXGroup;
			children = (
				3323F4520B07D6B8A040D693 /* MGAFetchCountryListAPIService.m */,
				3323F233C2D38724DD2040F1 /* MGAFetchCountryListAPIService.h */,
			);
			path = Service;
			sourceTree = "<group>";
		};
		3323F22C04233CF504C4177A /* Gateway */ = {
			isa = PBXGroup;
			children = (
				3323F693515C0AA6579BA40F /* MGAInMemoryStoreGateway.m */,
				3323F86B90BA0AC0E52714A1 /* MGAInMemoryStoreGateway.h */,
			);
			path = Gateway;
			sourceTree = "<group>";
		};
		3323F26845CFED8E845362DD /* Converter */ = {
			isa = PBXGroup;
			children = (
				3323F1457C580DDEB4996384 /* MGADataToJSONConverterTest.m */,
			);
			path = Converter;
			sourceTree = "<group>";
		};
		3323F32021BB47343017D0D8 /* Model */ = {
			isa = PBXGroup;
			children = (
				3323FB1F9AD18A3D81E08901 /* MGAFlattenCountry.m */,
				3323FBA2A20F9E26532E199B /* MGAFlattenCountry.h */,
			);
			path = Model;
			sourceTree = "<group>";
		};
		3323F375BD9F7D93026EB396 /* Data Source */ = {
			isa = PBXGroup;
			children = (
				3323F371FAA6BDB607D92B03 /* MGASingleSectionEventDataSource.m */,
				3323F54D1B9F43F66312D7C3 /* MGASingleSectionEventDataSource.h */,
			);
			path = "Data Source";
			sourceTree = "<group>";
		};
		3323F43C32D671C0E610BF82 /* Country */ = {
			isa = PBXGroup;
			children = (
				3323F76E0614F50ECA71130D /* MGACountryMapper.h */,
				3323F92A7AFDCDBCFC2CB633 /* MGACountryMapper.m */,
			);
			path = Country;
			sourceTree = "<group>";
		};
		3323F462DC1AF45B4643A5B4 /* Implementation */ = {
			isa = PBXGroup;
			children = (
				3323FD65EC842BB77FF1AEB4 /* Service */,
				3323FB1917D97FD58F410D6F /* Resource Mapper */,
				3323FAD958F8CF4F0C56156D /* UI */,
				3323F26845CFED8E845362DD /* Converter */,
				3323F0025DB7784ADF6445EE /* Store */,
				3323FF3677C6543A7F185F78 /* Model */,
				3323F0C917ECA9893E798C67 /* Gateway */,
				3323F6D482E9A263C1AB5C3A /* Data Source */,
			);
			path = Implementation;
			sourceTree = "<group>";
		};
		3323F4AFBB4F6EC203D60916 /* TableView Adapter */ = {
			isa = PBXGroup;
			children = (
				3323F74AD53F27596BBFB042 /* MGACountryListTableViewAdapterTest.m */,
			);
			path = "TableView Adapter";
			sourceTree = "<group>";
		};
		3323F4E6ACD6E45BB17AD32F /* Binder */ = {
			isa = PBXGroup;
			children = (
				3323F3A21ACADA1FBF918CB6 /* MGACommandExecutionTableViewReloadBinderTest.m */,
			);
			path = Binder;
			sourceTree = "<group>";
		};
		3323F6491F73A68FF1853609 /* Store */ = {
			isa = PBXGroup;
			children = (
				3323F902F3755962B0AEBE75 /* MGAInMemoryStore.m */,
				3323F0D0529A226E98470596 /* MGAInMemoryStore.h */,
			);
			path = Store;
			sourceTree = "<group>";
		};
		3323F6D482E9A263C1AB5C3A /* Data Source */ = {
			isa = PBXGroup;
			children = (
				3323F704C2A39153A2331BA4 /* MGASingleSectionEventDataSourceTest.m */,
			);
			path = "Data Source";
			sourceTree = "<group>";
		};
		3323F71D215933F2191A596D /* Converter */ = {
			isa = PBXGroup;
			children = (
				3323FC2200B1EAFADAA72D87 /* MGAConverter.h */,
			);
			path = Converter;
			sourceTree = "<group>";
		};
		3323F8A86C7406B0A5CC025B /* Implementation */ = {
			isa = PBXGroup;
			children = (
				3323F1E2C400BE0E3C0C25A6 /* Service */,
				3323F0CECB46324A0ACA4297 /* Resource Mapper */,
				3323FE2348E02902101D1459 /* UI */,
				3323FBF53BEFFBB091D484F4 /* Converter */,
				3323F6491F73A68FF1853609 /* Store */,
				3323F22C04233CF504C4177A /* Gateway */,
				3323F32021BB47343017D0D8 /* Model */,
				3323F375BD9F7D93026EB396 /* Data Source */,
			);
			path = Implementation;
			sourceTree = "<group>";
		};
		3323F9BD358FD693177160F2 /* List Countries */ = {
			isa = PBXGroup;
			children = (
				3323F4AFBB4F6EC203D60916 /* TableView Adapter */,
			);
			path = "List Countries";
			sourceTree = "<group>";
		};
		3323FAD958F8CF4F0C56156D /* UI */ = {
			isa = PBXGroup;
			children = (
				3323FC6E0E11CDF234FA376F /* TableView */,
			);
			path = UI;
			sourceTree = "<group>";
		};
		3323FB1917D97FD58F410D6F /* Resource Mapper */ = {
			isa = PBXGroup;
			children = (
				3323FD05A413691240D41B9C /* MGACountryMapperTest.m */,
				3323FB62CC2DD9F5B61290E8 /* MGAListResourceMapperTest.m */,
			);
			path = "Resource Mapper";
			sourceTree = "<group>";
		};
		3323FB58F1BF96F91F4901E9 /* Data Source */ = {
			isa = PBXGroup;
			children = (
				3323FD2B1D40E9A908458246 /* MGADataSource.h */,
				3323FB1510D874113A1D9A10 /* MGADataSourceEvents.h */,
			);
			path = "Data Source";
			sourceTree = "<group>";
		};
		3323FBF53BEFFBB091D484F4 /* Converter */ = {
			isa = PBXGroup;
			children = (
				3323F87EADBC8AF7946C320E /* MGADataToJSONConverter.m */,
				3323F2964B349BB612862EA1 /* MGADataToJSONConverter.h */,
			);
			path = Converter;
			sourceTree = "<group>";
		};
		3323FC6E0E11CDF234FA376F /* TableView */ = {
			isa = PBXGroup;
			children = (
				3323F52CED702937A508F088 /* MGATableViewControllerTest.m */,
				3323F4E6ACD6E45BB17AD32F /* Binder */,
			);
			path = TableView;
			sourceTree = "<group>";
		};
		3323FCE2B6AF649CF619BF2C /* Mapper */ = {
			isa = PBXGroup;
			children = (
				3323F3CD2A2B29A0DE7BD134 /* MGAResourceMapper.h */,
			);
			path = Mapper;
			sourceTree = "<group>";
		};
		3323FD65EC842BB77FF1AEB4 /* Service */ = {
			isa = PBXGroup;
			children = (
				3323FBE931CC6E879D03D4A6 /* MGAFetchCountryListAPIServiceTest.m */,
			);
			path = Service;
			sourceTree = "<group>";
		};
		3323FD8314CBDF3AEA9D5D68 /* Binder */ = {
			isa = PBXGroup;
			children = (
				3323F927416C699D250C6AF9 /* MGACommandExecutionTableViewReloadBinder.h */,
				3323FF2375C5D1EE9643AF86 /* MGACommandExecutionTableViewReloadBinder.m */,
			);
			path = Binder;
			sourceTree = "<group>";
		};
		3323FDCBCBD49D31525831DE /* List Countries */ = {
			isa = PBXGroup;
			children = (
				3323FC6F06DDD521880C6821 /* MGAFetchCountryListService.h */,
				3323F752901A38C6BA5422CD /* MGACountry.h */,
				3323F5F325BFD07FB1681648 /* MGACountryGateway.h */,
				3323F7ADFF9AE9003823006C /* MGACountrySelectionDelegate.h */,
				3323FFE65181190AD92DCEEE /* TableView Adapter */,
			);
			path = "List Countries";
			sourceTree = "<group>";
		};
		3323FE2348E02902101D1459 /* UI */ = {
			isa = PBXGroup;
			children = (
				3323F0397FEEB381BB185DED /* TableView */,
			);
			path = UI;
			sourceTree = "<group>";
		};
		3323FF3677C6543A7F185F78 /* Model */ = {
			isa = PBXGroup;
			children = (
				3323FC44195859DDDD981BBD /* MGAFlattenCountryTest.m */,
			);
			path = Model;
			sourceTree = "<group>";
		};
		3323FF90A35481CD1F12E76F /* Store */ = {
			isa = PBXGroup;
			children = (
				3323F425D2F4F6BC474E7EF4 /* MGAStore.h */,
			);
			path = Store;
			sourceTree = "<group>";
		};
		3323FFB08D5FD7B41F8EFC25 /* Binder */ = {
			isa = PBXGroup;
			children = (
				3323FD43B9A39DCB642D58CC /* MGABinder.h */,
			);
			path = Binder;
			sourceTree = "<group>";
		};
		3323FFE65181190AD92DCEEE /* TableView Adapter */ = {
			isa = PBXGroup;
			children = (
				3323F6FE0F4298C856EB7A0A /* MGACountryListTableViewAdapter.m */,
				3323F2FD603AB45F9F623E56 /* MGACountryListTableViewAdapter.h */,
			);
			path = "TableView Adapter";
			sourceTree = "<group>";
		};
		ED83C2BC3C051686CE6D16E0 /* Frameworks */ = {
			isa = PBXGroup;
			children = (
				820D48F6D2C31109856C792F /* libPods.a */,
				D709A047C693562610112190 /* libPods-CountriesTests.a */,
			);
			name = Frameworks;
			sourceTree = "<group>";
		};
/* End PBXGroup section */

/* Begin PBXNativeTarget section */
		273AEB431CA5BE84007E2F2C /* Countries */ = {
			isa = PBXNativeTarget;
			buildConfigurationList = 273AEB661CA5BE84007E2F2C /* Build configuration list for PBXNativeTarget "Countries" */;
			buildPhases = (
				778397952BC927C105EA1FE1 /* Check Pods Manifest.lock */,
				273AEB401CA5BE84007E2F2C /* Sources */,
				273AEB411CA5BE84007E2F2C /* Frameworks */,
				273AEB421CA5BE84007E2F2C /* Resources */,
				94799C6F9D57A7BC50C4BB03 /* Copy Pods Resources */,
			);
			buildRules = (
			);
			dependencies = (
			);
			name = Countries;
			productName = Countries;
			productReference = 273AEB441CA5BE84007E2F2C /* Countries.app */;
			productType = "com.apple.product-type.application";
		};
		273AEB5C1CA5BE84007E2F2C /* CountriesTests */ = {
			isa = PBXNativeTarget;
			buildConfigurationList = 273AEB691CA5BE84007E2F2C /* Build configuration list for PBXNativeTarget "CountriesTests" */;
			buildPhases = (
				58B3B5D235E330EBA0D3F01B /* Check Pods Manifest.lock */,
				273AEB591CA5BE84007E2F2C /* Sources */,
				273AEB5A1CA5BE84007E2F2C /* Frameworks */,
				273AEB5B1CA5BE84007E2F2C /* Resources */,
				FE682C730BA4AFB3ACE3EF71 /* Copy Pods Resources */,
			);
			buildRules = (
			);
			dependencies = (
				273AEB5F1CA5BE84007E2F2C /* PBXTargetDependency */,
			);
			name = CountriesTests;
			productName = CountriesTests;
			productReference = 273AEB5D1CA5BE84007E2F2C /* CountriesTests.xctest */;
			productType = "com.apple.product-type.bundle.unit-test";
		};
/* End PBXNativeTarget section */

/* Begin PBXProject section */
		273AEB3C1CA5BE84007E2F2C /* Project object */ = {
			isa = PBXProject;
			attributes = {
				LastUpgradeCheck = 0720;
				ORGANIZATIONNAME = "Mike Apostolakis";
				TargetAttributes = {
					273AEB431CA5BE84007E2F2C = {
						CreatedOnToolsVersion = 7.2;
					};
					273AEB5C1CA5BE84007E2F2C = {
						CreatedOnToolsVersion = 7.2;
						TestTargetID = 273AEB431CA5BE84007E2F2C;
					};
				};
			};
			buildConfigurationList = 273AEB3F1CA5BE84007E2F2C /* Build configuration list for PBXProject "Countries" */;
			compatibilityVersion = "Xcode 3.2";
			developmentRegion = English;
			hasScannedForEncodings = 0;
			knownRegions = (
				en,
				Base,
			);
			mainGroup = 273AEB3B1CA5BE84007E2F2C;
			productRefGroup = 273AEB451CA5BE84007E2F2C /* Products */;
			projectDirPath = "";
			projectRoot = "";
			targets = (
				273AEB431CA5BE84007E2F2C /* Countries */,
				273AEB5C1CA5BE84007E2F2C /* CountriesTests */,
			);
		};
/* End PBXProject section */

/* Begin PBXResourcesBuildPhase section */
		273AEB421CA5BE84007E2F2C /* Resources */ = {
			isa = PBXResourcesBuildPhase;
			buildActionMask = 2147483647;
			files = (
				273AEB541CA5BE84007E2F2C /* Assets.xcassets in Resources */,
			);
			runOnlyForDeploymentPostprocessing = 0;
		};
		273AEB5B1CA5BE84007E2F2C /* Resources */ = {
			isa = PBXResourcesBuildPhase;
			buildActionMask = 2147483647;
			files = (
			);
			runOnlyForDeploymentPostprocessing = 0;
		};
/* End PBXResourcesBuildPhase section */

/* Begin PBXShellScriptBuildPhase section */
		58B3B5D235E330EBA0D3F01B /* Check Pods Manifest.lock */ = {
			isa = PBXShellScriptBuildPhase;
			buildActionMask = 2147483647;
			files = (
			);
			inputPaths = (
			);
			name = "Check Pods Manifest.lock";
			outputPaths = (
			);
			runOnlyForDeploymentPostprocessing = 0;
			shellPath = /bin/sh;
			shellScript = "diff \"${PODS_ROOT}/../Podfile.lock\" \"${PODS_ROOT}/Manifest.lock\" > /dev/null\nif [[ $? != 0 ]] ; then\n    cat << EOM\nerror: The sandbox is not in sync with the Podfile.lock. Run 'pod install' or update your CocoaPods installation.\nEOM\n    exit 1\nfi\n";
			showEnvVarsInLog = 0;
		};
		778397952BC927C105EA1FE1 /* Check Pods Manifest.lock */ = {
			isa = PBXShellScriptBuildPhase;
			buildActionMask = 2147483647;
			files = (
			);
			inputPaths = (
			);
			name = "Check Pods Manifest.lock";
			outputPaths = (
			);
			runOnlyForDeploymentPostprocessing = 0;
			shellPath = /bin/sh;
			shellScript = "diff \"${PODS_ROOT}/../Podfile.lock\" \"${PODS_ROOT}/Manifest.lock\" > /dev/null\nif [[ $? != 0 ]] ; then\n    cat << EOM\nerror: The sandbox is not in sync with the Podfile.lock. Run 'pod install' or update your CocoaPods installation.\nEOM\n    exit 1\nfi\n";
			showEnvVarsInLog = 0;
		};
		94799C6F9D57A7BC50C4BB03 /* Copy Pods Resources */ = {
			isa = PBXShellScriptBuildPhase;
			buildActionMask = 2147483647;
			files = (
			);
			inputPaths = (
			);
			name = "Copy Pods Resources";
			outputPaths = (
			);
			runOnlyForDeploymentPostprocessing = 0;
			shellPath = /bin/sh;
			shellScript = "\"${SRCROOT}/Pods/Target Support Files/Pods/Pods-resources.sh\"\n";
			showEnvVarsInLog = 0;
		};
		FE682C730BA4AFB3ACE3EF71 /* Copy Pods Resources */ = {
			isa = PBXShellScriptBuildPhase;
			buildActionMask = 2147483647;
			files = (
			);
			inputPaths = (
			);
			name = "Copy Pods Resources";
			outputPaths = (
			);
			runOnlyForDeploymentPostprocessing = 0;
			shellPath = /bin/sh;
			shellScript = "\"${SRCROOT}/Pods/Target Support Files/Pods-CountriesTests/Pods-CountriesTests-resources.sh\"\n";
			showEnvVarsInLog = 0;
		};
/* End PBXShellScriptBuildPhase section */

/* Begin PBXSourcesBuildPhase section */
		273AEB401CA5BE84007E2F2C /* Sources */ = {
			isa = PBXSourcesBuildPhase;
			buildActionMask = 2147483647;
			files = (
				273AEB4C1CA5BE84007E2F2C /* AppDelegate.m in Sources */,
				273AEB491CA5BE84007E2F2C /* main.m in Sources */,
				3323F8A68F66F4F3A692C564 /* MGAFetchCountryListAPIService.m in Sources */,
				3323FDC3E3A87F1C4BB73360 /* MGACountryMapper.m in Sources */,
				3323FA052E806C5AA13DE729 /* MGAListResourceMapper.m in Sources */,
				3323FED795C1B1E0DD87B26B /* MGATableViewController.m in Sources */,
				3323F90DEBFCD2B3F658AE3B /* MGACountryListTableViewAdapter.m in Sources */,
				3323FA1F3A18469A5F185948 /* MGADataToJSONConverter.m in Sources */,
				3323FC4B730336F5A066F483 /* MGAInMemoryStore.m in Sources */,
				3323F5A338754E053028FCA9 /* MGAInMemoryStoreGateway.m in Sources */,
				3323FAE94C00CE29C69072B0 /* MGAFlattenCountry.m in Sources */,
				3323FD82E41423A1CCBB2884 /* MGASingleSectionEventDataSource.m in Sources */,
				3323F5867652E245D9DF2B02 /* MGACommandExecutionTableViewReloadBinder.m in Sources */,
			);
			runOnlyForDeploymentPostprocessing = 0;
		};
		273AEB591CA5BE84007E2F2C /* Sources */ = {
			isa = PBXSourcesBuildPhase;
			buildActionMask = 2147483647;
			files = (
				3323FFB8483E9F5E126BEEE5 /* MGAFetchCountryListAPIServiceTest.m in Sources */,
				3323FCDADA44A867B90280F0 /* MGACountryMapperTest.m in Sources */,
				3323FA3165B8E1E217E4C10A /* MGAListResourceMapperTest.m in Sources */,
				3323FC9241C8476E6609BCDC /* MGATableViewControllerTest.m in Sources */,
				3323F0DD9AC3500E6A070A3C /* MGACountryListTableViewAdapterTest.m in Sources */,
				3323FC0449B2F28B500A6966 /* MGADataToJSONConverterTest.m in Sources */,
				3323FB6F2230F334D9801BF1 /* MGAInMemoryStoreTest.m in Sources */,
				3323F96BFBB399E06C330E9F /* MGAFlattenCountryTest.m in Sources */,
				3323F51265BB1F43140C7688 /* MGAInMemoryStoreGatewayTest.m in Sources */,
				3323F2BBC3312015424E1F8F /* MGASingleSectionEventDataSourceTest.m in Sources */,
				3323FEAAB6476ED704EA23DC /* MGACommandExecutionTableViewReloadBinderTest.m in Sources */,
			);
			runOnlyForDeploymentPostprocessing = 0;
		};
/* End PBXSourcesBuildPhase section */

/* Begin PBXTargetDependency section */
		273AEB5F1CA5BE84007E2F2C /* PBXTargetDependency */ = {
			isa = PBXTargetDependency;
			target = 273AEB431CA5BE84007E2F2C /* Countries */;
			targetProxy = 273AEB5E1CA5BE84007E2F2C /* PBXContainerItemProxy */;
		};
/* End PBXTargetDependency section */

/* Begin XCBuildConfiguration section */
		273AEB641CA5BE84007E2F2C /* Debug */ = {
			isa = XCBuildConfiguration;
			buildSettings = {
				ALWAYS_SEARCH_USER_PATHS = NO;
				CLANG_CXX_LANGUAGE_STANDARD = "gnu++0x";
				CLANG_CXX_LIBRARY = "libc++";
				CLANG_ENABLE_MODULES = YES;
				CLANG_ENABLE_OBJC_ARC = YES;
				CLANG_WARN_BOOL_CONVERSION = YES;
				CLANG_WARN_CONSTANT_CONVERSION = YES;
				CLANG_WARN_DIRECT_OBJC_ISA_USAGE = YES_ERROR;
				CLANG_WARN_EMPTY_BODY = YES;
				CLANG_WARN_ENUM_CONVERSION = YES;
				CLANG_WARN_INT_CONVERSION = YES;
				CLANG_WARN_OBJC_ROOT_CLASS = YES_ERROR;
				CLANG_WARN_UNREACHABLE_CODE = YES;
				CLANG_WARN__DUPLICATE_METHOD_MATCH = YES;
				"CODE_SIGN_IDENTITY[sdk=iphoneos*]" = "iPhone Developer";
				COPY_PHASE_STRIP = NO;
				DEBUG_INFORMATION_FORMAT = dwarf;
				ENABLE_STRICT_OBJC_MSGSEND = YES;
				ENABLE_TESTABILITY = YES;
				GCC_C_LANGUAGE_STANDARD = gnu99;
				GCC_DYNAMIC_NO_PIC = NO;
				GCC_NO_COMMON_BLOCKS = YES;
				GCC_OPTIMIZATION_LEVEL = 0;
				GCC_PREPROCESSOR_DEFINITIONS = (
					"DEBUG=1",
					"$(inherited)",
				);
				GCC_WARN_64_TO_32_BIT_CONVERSION = YES;
				GCC_WARN_ABOUT_RETURN_TYPE = YES_ERROR;
				GCC_WARN_UNDECLARED_SELECTOR = YES;
				GCC_WARN_UNINITIALIZED_AUTOS = YES_AGGRESSIVE;
				GCC_WARN_UNUSED_FUNCTION = YES;
				GCC_WARN_UNUSED_VARIABLE = YES;
				IPHONEOS_DEPLOYMENT_TARGET = 9.2;
				MTL_ENABLE_DEBUG_INFO = YES;
				ONLY_ACTIVE_ARCH = YES;
				SDKROOT = iphoneos;
			};
			name = Debug;
		};
		273AEB651CA5BE84007E2F2C /* Release */ = {
			isa = XCBuildConfiguration;
			buildSettings = {
				ALWAYS_SEARCH_USER_PATHS = NO;
				CLANG_CXX_LANGUAGE_STANDARD = "gnu++0x";
				CLANG_CXX_LIBRARY = "libc++";
				CLANG_ENABLE_MODULES = YES;
				CLANG_ENABLE_OBJC_ARC = YES;
				CLANG_WARN_BOOL_CONVERSION = YES;
				CLANG_WARN_CONSTANT_CONVERSION = YES;
				CLANG_WARN_DIRECT_OBJC_ISA_USAGE = YES_ERROR;
				CLANG_WARN_EMPTY_BODY = YES;
				CLANG_WARN_ENUM_CONVERSION = YES;
				CLANG_WARN_INT_CONVERSION = YES;
				CLANG_WARN_OBJC_ROOT_CLASS = YES_ERROR;
				CLANG_WARN_UNREACHABLE_CODE = YES;
				CLANG_WARN__DUPLICATE_METHOD_MATCH = YES;
				"CODE_SIGN_IDENTITY[sdk=iphoneos*]" = "iPhone Developer";
				COPY_PHASE_STRIP = NO;
				DEBUG_INFORMATION_FORMAT = "dwarf-with-dsym";
				ENABLE_NS_ASSERTIONS = NO;
				ENABLE_STRICT_OBJC_MSGSEND = YES;
				GCC_C_LANGUAGE_STANDARD = gnu99;
				GCC_NO_COMMON_BLOCKS = YES;
				GCC_WARN_64_TO_32_BIT_CONVERSION = YES;
				GCC_WARN_ABOUT_RETURN_TYPE = YES_ERROR;
				GCC_WARN_UNDECLARED_SELECTOR = YES;
				GCC_WARN_UNINITIALIZED_AUTOS = YES_AGGRESSIVE;
				GCC_WARN_UNUSED_FUNCTION = YES;
				GCC_WARN_UNUSED_VARIABLE = YES;
				IPHONEOS_DEPLOYMENT_TARGET = 9.2;
				MTL_ENABLE_DEBUG_INFO = NO;
				SDKROOT = iphoneos;
				VALIDATE_PRODUCT = YES;
			};
			name = Release;
		};
		273AEB671CA5BE84007E2F2C /* Debug */ = {
			isa = XCBuildConfiguration;
			baseConfigurationReference = 803D0650F8512135DAEF2969 /* Pods.debug.xcconfig */;
			buildSettings = {
				ASSETCATALOG_COMPILER_APPICON_NAME = AppIcon;
				ASSETCATALOG_COMPILER_LAUNCHIMAGE_NAME = LaunchImage;
				INFOPLIST_FILE = Countries/Info.plist;
				IPHONEOS_DEPLOYMENT_TARGET = 7.0;
				LD_RUNPATH_SEARCH_PATHS = "$(inherited) @executable_path/Frameworks";
				PRODUCT_BUNDLE_IDENTIFIER = me.mapostolakis.Countries;
				PRODUCT_NAME = "$(TARGET_NAME)";
			};
			name = Debug;
		};
		273AEB681CA5BE84007E2F2C /* Release */ = {
			isa = XCBuildConfiguration;
			baseConfigurationReference = 3B2CF78F0DF637158AC4E924 /* Pods.release.xcconfig */;
			buildSettings = {
				ASSETCATALOG_COMPILER_APPICON_NAME = AppIcon;
				ASSETCATALOG_COMPILER_LAUNCHIMAGE_NAME = LaunchImage;
				INFOPLIST_FILE = Countries/Info.plist;
				IPHONEOS_DEPLOYMENT_TARGET = 7.0;
				LD_RUNPATH_SEARCH_PATHS = "$(inherited) @executable_path/Frameworks";
				PRODUCT_BUNDLE_IDENTIFIER = me.mapostolakis.Countries;
				PRODUCT_NAME = "$(TARGET_NAME)";
			};
			name = Release;
		};
		273AEB6A1CA5BE84007E2F2C /* Debug */ = {
			isa = XCBuildConfiguration;
			baseConfigurationReference = 6694B01C76984FD797A99666 /* Pods-CountriesTests.debug.xcconfig */;
			buildSettings = {
				BUNDLE_LOADER = "$(TEST_HOST)";
				INFOPLIST_FILE = CountriesTests/Info.plist;
				LD_RUNPATH_SEARCH_PATHS = "$(inherited) @executable_path/Frameworks @loader_path/Frameworks";
				PRODUCT_BUNDLE_IDENTIFIER = me.mapostolakis.CountriesTests;
				PRODUCT_NAME = "$(TARGET_NAME)";
				TEST_HOST = "$(BUILT_PRODUCTS_DIR)/Countries.app/Countries";
			};
			name = Debug;
		};
		273AEB6B1CA5BE84007E2F2C /* Release */ = {
			isa = XCBuildConfiguration;
			baseConfigurationReference = 77B9FFB7F40AA2282C441AE9 /* Pods-CountriesTests.release.xcconfig */;
			buildSettings = {
				BUNDLE_LOADER = "$(TEST_HOST)";
				INFOPLIST_FILE = CountriesTests/Info.plist;
				LD_RUNPATH_SEARCH_PATHS = "$(inherited) @executable_path/Frameworks @loader_path/Frameworks";
				PRODUCT_BUNDLE_IDENTIFIER = me.mapostolakis.CountriesTests;
				PRODUCT_NAME = "$(TARGET_NAME)";
				TEST_HOST = "$(BUILT_PRODUCTS_DIR)/Countries.app/Countries";
			};
			name = Release;
		};
/* End XCBuildConfiguration section */

/* Begin XCConfigurationList section */
		273AEB3F1CA5BE84007E2F2C /* Build configuration list for PBXProject "Countries" */ = {
			isa = XCConfigurationList;
			buildConfigurations = (
				273AEB641CA5BE84007E2F2C /* Debug */,
				273AEB651CA5BE84007E2F2C /* Release */,
			);
			defaultConfigurationIsVisible = 0;
			defaultConfigurationName = Release;
		};
		273AEB661CA5BE84007E2F2C /* Build configuration list for PBXNativeTarget "Countries" */ = {
			isa = XCConfigurationList;
			buildConfigurations = (
				273AEB671CA5BE84007E2F2C /* Debug */,
				273AEB681CA5BE84007E2F2C /* Release */,
			);
			defaultConfigurationIsVisible = 0;
			defaultConfigurationName = Release;
		};
		273AEB691CA5BE84007E2F2C /* Build configuration list for PBXNativeTarget "CountriesTests" */ = {
			isa = XCConfigurationList;
			buildConfigurations = (
				273AEB6A1CA5BE84007E2F2C /* Debug */,
				273AEB6B1CA5BE84007E2F2C /* Release */,
			);
			defaultConfigurationIsVisible = 0;
			defaultConfigurationName = Release;
		};
/* End XCConfigurationList section */
	};
	rootObject = 273AEB3C1CA5BE84007E2F2C /* Project object */;
}
